// !$*UTF8*$!
{
	archiveVersion = 1;
	classes = {
	};
	objectVersion = 56;
	objects = {

/* Begin PBXBuildFile section */
		A30E66D82AD81A6100E3B92A /* ExploreAroundApp.swift in Sources */ = {isa = PBXBuildFile; fileRef = A30E66D72AD81A6100E3B92A /* ExploreAroundApp.swift */; };
		A30E66DA2AD81A6100E3B92A /* LaunchView.swift in Sources */ = {isa = PBXBuildFile; fileRef = A30E66D92AD81A6100E3B92A /* LaunchView.swift */; };
		A30E66DC2AD81A6600E3B92A /* Assets.xcassets in Resources */ = {isa = PBXBuildFile; fileRef = A30E66DB2AD81A6600E3B92A /* Assets.xcassets */; };
		A30E66DF2AD81A6600E3B92A /* Preview Assets.xcassets in Resources */ = {isa = PBXBuildFile; fileRef = A30E66DE2AD81A6600E3B92A /* Preview Assets.xcassets */; };
		A30FCD2A2ADC4BBB0086928E /* HomeView.swift in Sources */ = {isa = PBXBuildFile; fileRef = A30FCD292ADC4BBB0086928E /* HomeView.swift */; };
		A30FCD2D2ADC594B0086928E /* BusinessList.swift in Sources */ = {isa = PBXBuildFile; fileRef = A30FCD2C2ADC594B0086928E /* BusinessList.swift */; };
		A30FCD2F2ADC5BB10086928E /* BusinessSectionHeader.swift in Sources */ = {isa = PBXBuildFile; fileRef = A30FCD2E2ADC5BB10086928E /* BusinessSectionHeader.swift */; };
		A30FCD312ADC5C780086928E /* BusinessSection.swift in Sources */ = {isa = PBXBuildFile; fileRef = A30FCD302ADC5C780086928E /* BusinessSection.swift */; };
		A30FCD332ADC98F40086928E /* BusinessRow.swift in Sources */ = {isa = PBXBuildFile; fileRef = A30FCD322ADC98F40086928E /* BusinessRow.swift */; };
		A32F24112ADD44A80018F993 /* BusinessDetail.swift in Sources */ = {isa = PBXBuildFile; fileRef = A32F24102ADD44A80018F993 /* BusinessDetail.swift */; };
		A32F24142ADD83470018F993 /* BusinessMap.swift in Sources */ = {isa = PBXBuildFile; fileRef = A32F24132ADD83470018F993 /* BusinessMap.swift */; };
		A35864D62AD93C990032A7A4 /* ContentModel.swift in Sources */ = {isa = PBXBuildFile; fileRef = A35864D52AD93C990032A7A4 /* ContentModel.swift */; };
		A35864D92AD96EC50032A7A4 /* Business.swift in Sources */ = {isa = PBXBuildFile; fileRef = A35864D82AD96EC50032A7A4 /* Business.swift */; };
		A35864DB2AD96ECC0032A7A4 /* BusinessSearch.swift in Sources */ = {isa = PBXBuildFile; fileRef = A35864DA2AD96ECC0032A7A4 /* BusinessSearch.swift */; };
		A35864DE2AD977CD0032A7A4 /* Constants.swift in Sources */ = {isa = PBXBuildFile; fileRef = A35864DD2AD977CD0032A7A4 /* Constants.swift */; };
/* End PBXBuildFile section */

/* Begin PBXFileReference section */
		A30E66D42AD81A6100E3B92A /* Explore-around.app */ = {isa = PBXFileReference; explicitFileType = wrapper.application; includeInIndex = 0; path = "Explore-around.app"; sourceTree = BUILT_PRODUCTS_DIR; };
		A30E66D72AD81A6100E3B92A /* ExploreAroundApp.swift */ = {isa = PBXFileReference; lastKnownFileType = sourcecode.swift; path = ExploreAroundApp.swift; sourceTree = "<group>"; };
		A30E66D92AD81A6100E3B92A /* LaunchView.swift */ = {isa = PBXFileReference; lastKnownFileType = sourcecode.swift; path = LaunchView.swift; sourceTree = "<group>"; };
		A30E66DB2AD81A6600E3B92A /* Assets.xcassets */ = {isa = PBXFileReference; lastKnownFileType = folder.assetcatalog; path = Assets.xcassets; sourceTree = "<group>"; };
		A30E66DE2AD81A6600E3B92A /* Preview Assets.xcassets */ = {isa = PBXFileReference; lastKnownFileType = folder.assetcatalog; path = "Preview Assets.xcassets"; sourceTree = "<group>"; };
		A30FCD292ADC4BBB0086928E /* HomeView.swift */ = {isa = PBXFileReference; lastKnownFileType = sourcecode.swift; path = HomeView.swift; sourceTree = "<group>"; };
		A30FCD2C2ADC594B0086928E /* BusinessList.swift */ = {isa = PBXFileReference; lastKnownFileType = sourcecode.swift; path = BusinessList.swift; sourceTree = "<group>"; };
		A30FCD2E2ADC5BB10086928E /* BusinessSectionHeader.swift */ = {isa = PBXFileReference; lastKnownFileType = sourcecode.swift; path = BusinessSectionHeader.swift; sourceTree = "<group>"; };
		A30FCD302ADC5C780086928E /* BusinessSection.swift */ = {isa = PBXFileReference; lastKnownFileType = sourcecode.swift; path = BusinessSection.swift; sourceTree = "<group>"; };
		A30FCD322ADC98F40086928E /* BusinessRow.swift */ = {isa = PBXFileReference; lastKnownFileType = sourcecode.swift; path = BusinessRow.swift; sourceTree = "<group>"; };
		A32F24102ADD44A80018F993 /* BusinessDetail.swift */ = {isa = PBXFileReference; lastKnownFileType = sourcecode.swift; path = BusinessDetail.swift; sourceTree = "<group>"; };
		A32F24132ADD83470018F993 /* BusinessMap.swift */ = {isa = PBXFileReference; lastKnownFileType = sourcecode.swift; path = BusinessMap.swift; sourceTree = "<group>"; };
		A35864D52AD93C990032A7A4 /* ContentModel.swift */ = {isa = PBXFileReference; lastKnownFileType = sourcecode.swift; path = ContentModel.swift; sourceTree = "<group>"; };
		A35864D72AD93E100032A7A4 /* Info.plist */ = {isa = PBXFileReference; lastKnownFileType = text.plist; path = Info.plist; sourceTree = "<group>"; };
		A35864D82AD96EC50032A7A4 /* Business.swift */ = {isa = PBXFileReference; lastKnownFileType = sourcecode.swift; path = Business.swift; sourceTree = "<group>"; };
		A35864DA2AD96ECC0032A7A4 /* BusinessSearch.swift */ = {isa = PBXFileReference; lastKnownFileType = sourcecode.swift; path = BusinessSearch.swift; sourceTree = "<group>"; };
		A35864DD2AD977CD0032A7A4 /* Constants.swift */ = {isa = PBXFileReference; lastKnownFileType = sourcecode.swift; path = Constants.swift; sourceTree = "<group>"; };
/* End PBXFileReference section */

/* Begin PBXFrameworksBuildPhase section */
		A30E66D12AD81A6100E3B92A /* Frameworks */ = {
			isa = PBXFrameworksBuildPhase;
			buildActionMask = 2147483647;
			files = (
			);
			runOnlyForDeploymentPostprocessing = 0;
		};
/* End PBXFrameworksBuildPhase section */

/* Begin PBXGroup section */
		A30E66CB2AD81A6100E3B92A = {
			isa = PBXGroup;
			children = (
				A30E66D62AD81A6100E3B92A /* Explore-around */,
				A30E66D52AD81A6100E3B92A /* Products */,
			);
			sourceTree = "<group>";
		};
		A30E66D52AD81A6100E3B92A /* Products */ = {
			isa = PBXGroup;
			children = (
				A30E66D42AD81A6100E3B92A /* Explore-around.app */,
			);
			name = Products;
			sourceTree = "<group>";
		};
		A30E66D62AD81A6100E3B92A /* Explore-around */ = {
			isa = PBXGroup;
			children = (
				A35864DC2AD977C30032A7A4 /* Helpers */,
				A35864D72AD93E100032A7A4 /* Info.plist */,
				A30E66D72AD81A6100E3B92A /* ExploreAroundApp.swift */,
				A30E66E72AD81B5700E3B92A /* Views */,
				A30E66E62AD81B5200E3B92A /* ViewModels */,
				A30E66E52AD81B4D00E3B92A /* Models */,
				A30E66DB2AD81A6600E3B92A /* Assets.xcassets */,
				A30E66DD2AD81A6600E3B92A /* Preview Content */,
			);
			path = "Explore-around";
			sourceTree = "<group>";
		};
		A30E66DD2AD81A6600E3B92A /* Preview Content */ = {
			isa = PBXGroup;
			children = (
				A30E66DE2AD81A6600E3B92A /* Preview Assets.xcassets */,
			);
			path = "Preview Content";
			sourceTree = "<group>";
		};
		A30E66E52AD81B4D00E3B92A /* Models */ = {
			isa = PBXGroup;
			children = (
				A35864D82AD96EC50032A7A4 /* Business.swift */,
				A35864DA2AD96ECC0032A7A4 /* BusinessSearch.swift */,
			);
			path = Models;
			sourceTree = "<group>";
		};
		A30E66E62AD81B5200E3B92A /* ViewModels */ = {
			isa = PBXGroup;
			children = (
				A35864D52AD93C990032A7A4 /* ContentModel.swift */,
			);
			path = ViewModels;
			sourceTree = "<group>";
		};
		A30E66E72AD81B5700E3B92A /* Views */ = {
			isa = PBXGroup;
			children = (
				A30FCD282ADC4BA80086928E /* Home */,
				A30FCD272ADC4BA00086928E /* Denied */,
				A30FCD262ADC4B980086928E /* Onboarding */,
				A30E66D92AD81A6100E3B92A /* LaunchView.swift */,
			);
			path = Views;
			sourceTree = "<group>";
		};
		A30FCD262ADC4B980086928E /* Onboarding */ = {
			isa = PBXGroup;
			children = (
			);
			path = Onboarding;
			sourceTree = "<group>";
		};
		A30FCD272ADC4BA00086928E /* Denied */ = {
			isa = PBXGroup;
			children = (
			);
			path = Denied;
			sourceTree = "<group>";
		};
		A30FCD282ADC4BA80086928E /* Home */ = {
			isa = PBXGroup;
			children = (
				A30FCD292ADC4BBB0086928E /* HomeView.swift */,
				A32F240F2ADD44970018F993 /* Detail */,
				A32F24122ADD83330018F993 /* Map */,
				A30FCD2B2ADC59430086928E /* List */,
			);
			path = Home;
			sourceTree = "<group>";
		};
		A30FCD2B2ADC59430086928E /* List */ = {
			isa = PBXGroup;
			children = (
				A30FCD2C2ADC594B0086928E /* BusinessList.swift */,
				A30FCD2E2ADC5BB10086928E /* BusinessSectionHeader.swift */,
				A30FCD302ADC5C780086928E /* BusinessSection.swift */,
				A30FCD322ADC98F40086928E /* BusinessRow.swift */,
			);
			path = List;
			sourceTree = "<group>";
		};
		A32F240F2ADD44970018F993 /* Detail */ = {
			isa = PBXGroup;
			children = (
				A32F24102ADD44A80018F993 /* BusinessDetail.swift */,
			);
			path = Detail;
			sourceTree = "<group>";
		};
		A32F24122ADD83330018F993 /* Map */ = {
			isa = PBXGroup;
			children = (
				A32F24132ADD83470018F993 /* BusinessMap.swift */,
			);
			path = Map;
			sourceTree = "<group>";
		};
		A35864DC2AD977C30032A7A4 /* Helpers */ = {
			isa = PBXGroup;
			children = (
				A35864DD2AD977CD0032A7A4 /* Constants.swift */,
			);
			path = Helpers;
			sourceTree = "<group>";
		};
/* End PBXGroup section */

/* Begin PBXNativeTarget section */
		A30E66D32AD81A6100E3B92A /* Explore-around */ = {
			isa = PBXNativeTarget;
			buildConfigurationList = A30E66E22AD81A6600E3B92A /* Build configuration list for PBXNativeTarget "Explore-around" */;
			buildPhases = (
				A30E66D02AD81A6100E3B92A /* Sources */,
				A30E66D12AD81A6100E3B92A /* Frameworks */,
				A30E66D22AD81A6100E3B92A /* Resources */,
			);
			buildRules = (
			);
			dependencies = (
			);
			name = "Explore-around";
			productName = "Explore-around";
			productReference = A30E66D42AD81A6100E3B92A /* Explore-around.app */;
			productType = "com.apple.product-type.application";
		};
/* End PBXNativeTarget section */

/* Begin PBXProject section */
		A30E66CC2AD81A6100E3B92A /* Project object */ = {
			isa = PBXProject;
			attributes = {
				BuildIndependentTargetsInParallel = 1;
				LastSwiftUpdateCheck = 1430;
				LastUpgradeCheck = 1430;
				TargetAttributes = {
					A30E66D32AD81A6100E3B92A = {
						CreatedOnToolsVersion = 14.3.1;
					};
				};
			};
			buildConfigurationList = A30E66CF2AD81A6100E3B92A /* Build configuration list for PBXProject "Explore-around" */;
			compatibilityVersion = "Xcode 14.0";
			developmentRegion = en;
			hasScannedForEncodings = 0;
			knownRegions = (
				en,
				Base,
			);
			mainGroup = A30E66CB2AD81A6100E3B92A;
			productRefGroup = A30E66D52AD81A6100E3B92A /* Products */;
			projectDirPath = "";
			projectRoot = "";
			targets = (
				A30E66D32AD81A6100E3B92A /* Explore-around */,
			);
		};
/* End PBXProject section */

/* Begin PBXResourcesBuildPhase section */
		A30E66D22AD81A6100E3B92A /* Resources */ = {
			isa = PBXResourcesBuildPhase;
			buildActionMask = 2147483647;
			files = (
				A30E66DF2AD81A6600E3B92A /* Preview Assets.xcassets in Resources */,
				A30E66DC2AD81A6600E3B92A /* Assets.xcassets in Resources */,
			);
			runOnlyForDeploymentPostprocessing = 0;
		};
/* End PBXResourcesBuildPhase section */

/* Begin PBXSourcesBuildPhase section */
		A30E66D02AD81A6100E3B92A /* Sources */ = {
			isa = PBXSourcesBuildPhase;
			buildActionMask = 2147483647;
			files = (
				A30E66DA2AD81A6100E3B92A /* LaunchView.swift in Sources */,
				A30FCD332ADC98F40086928E /* BusinessRow.swift in Sources */,
				A30FCD2A2ADC4BBB0086928E /* HomeView.swift in Sources */,
				A35864D92AD96EC50032A7A4 /* Business.swift in Sources */,
				A30FCD2F2ADC5BB10086928E /* BusinessSectionHeader.swift in Sources */,
				A30E66D82AD81A6100E3B92A /* ExploreAroundApp.swift in Sources */,
				A32F24112ADD44A80018F993 /* BusinessDetail.swift in Sources */,
				A35864DB2AD96ECC0032A7A4 /* BusinessSearch.swift in Sources */,
				A30FCD2D2ADC594B0086928E /* BusinessList.swift in Sources */,
				A32F24142ADD83470018F993 /* BusinessMap.swift in Sources */,
				A30FCD312ADC5C780086928E /* BusinessSection.swift in Sources */,
				A35864D62AD93C990032A7A4 /* ContentModel.swift in Sources */,
				A35864DE2AD977CD0032A7A4 /* Constants.swift in Sources */,
			);
			runOnlyForDeploymentPostprocessing = 0;
		};
/* End PBXSourcesBuildPhase section */

/* Begin XCBuildConfiguration section */
		A30E66E02AD81A6600E3B92A /* Debug */ = {
			isa = XCBuildConfiguration;
			buildSettings = {
				ALWAYS_SEARCH_USER_PATHS = NO;
				CLANG_ANALYZER_NONNULL = YES;
				CLANG_ANALYZER_NUMBER_OBJECT_CONVERSION = YES_AGGRESSIVE;
				CLANG_CXX_LANGUAGE_STANDARD = "gnu++20";
				CLANG_ENABLE_MODULES = YES;
				CLANG_ENABLE_OBJC_ARC = YES;
				CLANG_ENABLE_OBJC_WEAK = YES;
				CLANG_WARN_BLOCK_CAPTURE_AUTORELEASING = YES;
				CLANG_WARN_BOOL_CONVERSION = YES;
				CLANG_WARN_COMMA = YES;
				CLANG_WARN_CONSTANT_CONVERSION = YES;
				CLANG_WARN_DEPRECATED_OBJC_IMPLEMENTATIONS = YES;
				CLANG_WARN_DIRECT_OBJC_ISA_USAGE = YES_ERROR;
				CLANG_WARN_DOCUMENTATION_COMMENTS = YES;
				CLANG_WARN_EMPTY_BODY = YES;
				CLANG_WARN_ENUM_CONVERSION = YES;
				CLANG_WARN_INFINITE_RECURSION = YES;
				CLANG_WARN_INT_CONVERSION = YES;
				CLANG_WARN_NON_LITERAL_NULL_CONVERSION = YES;
				CLANG_WARN_OBJC_IMPLICIT_RETAIN_SELF = YES;
				CLANG_WARN_OBJC_LITERAL_CONVERSION = YES;
				CLANG_WARN_OBJC_ROOT_CLASS = YES_ERROR;
				CLANG_WARN_QUOTED_INCLUDE_IN_FRAMEWORK_HEADER = YES;
				CLANG_WARN_RANGE_LOOP_ANALYSIS = YES;
				CLANG_WARN_STRICT_PROTOTYPES = YES;
				CLANG_WARN_SUSPICIOUS_MOVE = YES;
				CLANG_WARN_UNGUARDED_AVAILABILITY = YES_AGGRESSIVE;
				CLANG_WARN_UNREACHABLE_CODE = YES;
				CLANG_WARN__DUPLICATE_METHOD_MATCH = YES;
				COPY_PHASE_STRIP = NO;
				DEBUG_INFORMATION_FORMAT = dwarf;
				ENABLE_STRICT_OBJC_MSGSEND = YES;
				ENABLE_TESTABILITY = YES;
				GCC_C_LANGUAGE_STANDARD = gnu11;
				GCC_DYNAMIC_NO_PIC = NO;
				GCC_NO_COMMON_BLOCKS = YES;
				GCC_OPTIMIZATION_LEVEL = 0;
				GCC_PREPROCESSOR_DEFINITIONS = (
					"DEBUG=1",
					"$(inherited)",
				);
				GCC_WARN_64_TO_32_BIT_CONVERSION = YES;
				GCC_WARN_ABOUT_RETURN_TYPE = YES_ERROR;
				GCC_WARN_UNDECLARED_SELECTOR = YES;
				GCC_WARN_UNINITIALIZED_AUTOS = YES_AGGRESSIVE;
				GCC_WARN_UNUSED_FUNCTION = YES;
				GCC_WARN_UNUSED_VARIABLE = YES;
				IPHONEOS_DEPLOYMENT_TARGET = 16.4;
				MTL_ENABLE_DEBUG_INFO = INCLUDE_SOURCE;
				MTL_FAST_MATH = YES;
				ONLY_ACTIVE_ARCH = YES;
				SDKROOT = iphoneos;
				SWIFT_ACTIVE_COMPILATION_CONDITIONS = DEBUG;
				SWIFT_OPTIMIZATION_LEVEL = "-Onone";
			};
			name = Debug;
		};
		A30E66E12AD81A6600E3B92A /* Release */ = {
			isa = XCBuildConfiguration;
			buildSettings = {
				ALWAYS_SEARCH_USER_PATHS = NO;
				CLANG_ANALYZER_NONNULL = YES;
				CLANG_ANALYZER_NUMBER_OBJECT_CONVERSION = YES_AGGRESSIVE;
				CLANG_CXX_LANGUAGE_STANDARD = "gnu++20";
				CLANG_ENABLE_MODULES = YES;
				CLANG_ENABLE_OBJC_ARC = YES;
				CLANG_ENABLE_OBJC_WEAK = YES;
				CLANG_WARN_BLOCK_CAPTURE_AUTORELEASING = YES;
				CLANG_WARN_BOOL_CONVERSION = YES;
				CLANG_WARN_COMMA = YES;
				CLANG_WARN_CONSTANT_CONVERSION = YES;
				CLANG_WARN_DEPRECATED_OBJC_IMPLEMENTATIONS = YES;
				CLANG_WARN_DIRECT_OBJC_ISA_USAGE = YES_ERROR;
				CLANG_WARN_DOCUMENTATION_COMMENTS = YES;
				CLANG_WARN_EMPTY_BODY = YES;
				CLANG_WARN_ENUM_CONVERSION = YES;
				CLANG_WARN_INFINITE_RECURSION = YES;
				CLANG_WARN_INT_CONVERSION = YES;
				CLANG_WARN_NON_LITERAL_NULL_CONVERSION = YES;
				CLANG_WARN_OBJC_IMPLICIT_RETAIN_SELF = YES;
				CLANG_WARN_OBJC_LITERAL_CONVERSION = YES;
				CLANG_WARN_OBJC_ROOT_CLASS = YES_ERROR;
				CLANG_WARN_QUOTED_INCLUDE_IN_FRAMEWORK_HEADER = YES;
				CLANG_WARN_RANGE_LOOP_ANALYSIS = YES;
				CLANG_WARN_STRICT_PROTOTYPES = YES;
				CLANG_WARN_SUSPICIOUS_MOVE = YES;
				CLANG_WARN_UNGUARDED_AVAILABILITY = YES_AGGRESSIVE;
				CLANG_WARN_UNREACHABLE_CODE = YES;
				CLANG_WARN__DUPLICATE_METHOD_MATCH = YES;
				COPY_PHASE_STRIP = NO;
				DEBUG_INFORMATION_FORMAT = "dwarf-with-dsym";
				ENABLE_NS_ASSERTIONS = NO;
				ENABLE_STRICT_OBJC_MSGSEND = YES;
				GCC_C_LANGUAGE_STANDARD = gnu11;
				GCC_NO_COMMON_BLOCKS = YES;
				GCC_WARN_64_TO_32_BIT_CONVERSION = YES;
				GCC_WARN_ABOUT_RETURN_TYPE = YES_ERROR;
				GCC_WARN_UNDECLARED_SELECTOR = YES;
				GCC_WARN_UNINITIALIZED_AUTOS = YES_AGGRESSIVE;
				GCC_WARN_UNUSED_FUNCTION = YES;
				GCC_WARN_UNUSED_VARIABLE = YES;
				IPHONEOS_DEPLOYMENT_TARGET = 16.4;
				MTL_ENABLE_DEBUG_INFO = NO;
				MTL_FAST_MATH = YES;
				SDKROOT = iphoneos;
				SWIFT_COMPILATION_MODE = wholemodule;
				SWIFT_OPTIMIZATION_LEVEL = "-O";
				VALIDATE_PRODUCT = YES;
			};
			name = Release;
		};
		A30E66E32AD81A6600E3B92A /* Debug */ = {
			isa = XCBuildConfiguration;
			buildSettings = {
				ASSETCATALOG_COMPILER_APPICON_NAME = AppIcon;
				ASSETCATALOG_COMPILER_GLOBAL_ACCENT_COLOR_NAME = AccentColor;
				CODE_SIGN_STYLE = Automatic;
				CURRENT_PROJECT_VERSION = 1;
				DEVELOPMENT_ASSET_PATHS = "\"Explore-around/Preview Content\"";
				DEVELOPMENT_TEAM = 33KG33NLFD;
				ENABLE_PREVIEWS = YES;
				GENERATE_INFOPLIST_FILE = YES;
				INFOPLIST_FILE = "Explore-around/Info.plist";
				INFOPLIST_KEY_NSLocationWhenInUseUsageDescription = "Grant permission to find restaurants and sights near you";
				INFOPLIST_KEY_UIApplicationSceneManifest_Generation = YES;
				INFOPLIST_KEY_UIApplicationSupportsIndirectInputEvents = YES;
				INFOPLIST_KEY_UILaunchScreen_Generation = YES;
				INFOPLIST_KEY_UISupportedInterfaceOrientations_iPad = "UIInterfaceOrientationPortrait UIInterfaceOrientationPortraitUpsideDown UIInterfaceOrientationLandscapeLeft UIInterfaceOrientationLandscapeRight";
				INFOPLIST_KEY_UISupportedInterfaceOrientations_iPhone = "UIInterfaceOrientationPortrait UIInterfaceOrientationLandscapeLeft UIInterfaceOrientationLandscapeRight";
				LD_RUNPATH_SEARCH_PATHS = (
					"$(inherited)",
					"@executable_path/Frameworks",
				);
				MARKETING_VERSION = 1.0;
				PRODUCT_BUNDLE_IDENTIFIER = "com.tayamirai.Explore-around";
				PRODUCT_NAME = "$(TARGET_NAME)";
				SWIFT_EMIT_LOC_STRINGS = YES;
				SWIFT_VERSION = 5.0;
				TARGETED_DEVICE_FAMILY = "1,2";
			};
			name = Debug;
		};
		A30E66E42AD81A6600E3B92A /* Release */ = {
			isa = XCBuildConfiguration;
			buildSettings = {
				ASSETCATALOG_COMPILER_APPICON_NAME = AppIcon;
				ASSETCATALOG_COMPILER_GLOBAL_ACCENT_COLOR_NAME = AccentColor;
				CODE_SIGN_STYLE = Automatic;
				CURRENT_PROJECT_VERSION = 1;
				DEVELOPMENT_ASSET_PATHS = "\"Explore-around/Preview Content\"";
				DEVELOPMENT_TEAM = 33KG33NLFD;
				ENABLE_PREVIEWS = YES;
				GENERATE_INFOPLIST_FILE = YES;
				INFOPLIST_FILE = "Explore-around/Info.plist";
				INFOPLIST_KEY_NSLocationWhenInUseUsageDescription = "Grant permission to find restaurants and sights near you";
				INFOPLIST_KEY_UIApplicationSceneManifest_Generation = YES;
				INFOPLIST_KEY_UIApplicationSupportsIndirectInputEvents = YES;
				INFOPLIST_KEY_UILaunchScreen_Generation = YES;
				INFOPLIST_KEY_UISupportedInterfaceOrientations_iPad = "UIInterfaceOrientationPortrait UIInterfaceOrientationPortraitUpsideDown UIInterfaceOrientationLandscapeLeft UIInterfaceOrientationLandscapeRight";
				INFOPLIST_KEY_UISupportedInterfaceOrientations_iPhone = "UIInterfaceOrientationPortrait UIInterfaceOrientationLandscapeLeft UIInterfaceOrientationLandscapeRight";
				LD_RUNPATH_SEARCH_PATHS = (
					"$(inherited)",
					"@executable_path/Frameworks",
				);
				MARKETING_VERSION = 1.0;
				PRODUCT_BUNDLE_IDENTIFIER = "com.tayamirai.Explore-around";
				PRODUCT_NAME = "$(TARGET_NAME)";
				SWIFT_EMIT_LOC_STRINGS = YES;
				SWIFT_VERSION = 5.0;
				TARGETED_DEVICE_FAMILY = "1,2";
			};
			name = Release;
		};
/* End XCBuildConfiguration section */

/* Begin XCConfigurationList section */
		A30E66CF2AD81A6100E3B92A /* Build configuration list for PBXProject "Explore-around" */ = {
			isa = XCConfigurationList;
			buildConfigurations = (
				A30E66E02AD81A6600E3B92A /* Debug */,
				A30E66E12AD81A6600E3B92A /* Release */,
			);
			defaultConfigurationIsVisible = 0;
			defaultConfigurationName = Release;
		};
		A30E66E22AD81A6600E3B92A /* Build configuration list for PBXNativeTarget "Explore-around" */ = {
			isa = XCConfigurationList;
			buildConfigurations = (
				A30E66E32AD81A6600E3B92A /* Debug */,
				A30E66E42AD81A6600E3B92A /* Release */,
			);
			defaultConfigurationIsVisible = 0;
			defaultConfigurationName = Release;
		};
/* End XCConfigurationList section */
	};
	rootObject = A30E66CC2AD81A6100E3B92A /* Project object */;
}
